
Microsoft Visual Studio Solution File, Format Version 12.00
# Visual Studio Version 17
VisualStudioVersion = 17.10.35122.118
MinimumVisualStudioVersion = 10.0.40219.1
Project("{9A19103F-16F7-4668-BE54-9A1E7A4F7556}") = "DAL", "DAL\DAL.csproj", "{4C6839EB-08FE-41F3-81B3-7EF54F37C636}"
EndProject
Project("{9A19103F-16F7-4668-BE54-9A1E7A4F7556}") = "server", "server\server.csproj", "{0F813870-AB1F-4A8B-8636-D89CB7410029}"
EndProject
Project("{9A19103F-16F7-4668-BE54-9A1E7A4F7556}") = "BL", "BL\BL.csproj", "{D563EA2D-48DA-4BCB-87D4-1644650776DF}"
EndProject
Global
	GlobalSection(SolutionConfigurationPlatforms) = preSolution
		Debug|Any CPU = Debug|Any CPU
		Release|Any CPU = Release|Any CPU
	EndGlobalSection
	GlobalSection(ProjectConfigurationPlatforms) = postSolution
		{4C6839EB-08FE-41F3-81B3-7EF54F37C636}.Debug|Any CPU.ActiveCfg = Debug|Any CPU
		{4C6839EB-08FE-41F3-81B3-7EF54F37C636}.Debug|Any CPU.Build.0 = Debug|Any CPU
		{4C6839EB-08FE-41F3-81B3-7EF54F37C636}.Release|Any CPU.ActiveCfg = Release|Any CPU
		{4C6839EB-08FE-41F3-81B3-7EF54F37C636}.Release|Any CPU.Build.0 = Release|Any CPU
		{0F813870-AB1F-4A8B-8636-D89CB7410029}.Debug|Any CPU.ActiveCfg = Debug|Any CPU
		{0F813870-AB1F-4A8B-8636-D89CB7410029}.Debug|Any CPU.Build.0 = Debug|Any CPU
		{0F813870-AB1F-4A8B-8636-D89CB7410029}.Release|Any CPU.ActiveCfg = Release|Any CPU
		{0F813870-AB1F-4A8B-8636-D89CB7410029}.Release|Any CPU.Build.0 = Release|Any CPU
		{D563EA2D-48DA-4BCB-87D4-1644650776DF}.Debug|Any CPU.ActiveCfg = Debug|Any CPU
		{D563EA2D-48DA-4BCB-87D4-1644650776DF}.Debug|Any CPU.Build.0 = Debug|Any CPU
		{D563EA2D-48DA-4BCB-87D4-1644650776DF}.Release|Any CPU.ActiveCfg = Release|Any CPU
		{D563EA2D-48DA-4BCB-87D4-1644650776DF}.Release|Any CPU.Build.0 = Release|Any CPU
	EndGlobalSection
	GlobalSection(SolutionProperties) = preSolution
		HideSolutionNode = FALSE
	EndGlobalSection
	GlobalSection(ExtensibilityGlobals) = postSolution
		SolutionGuid = {9AA363F4-C732-4C33-904D-A51AA3D5F836}
	EndGlobalSection
EndGlobal
